// !$*UTF8*$!
{
	archiveVersion = 1;
	classes = {
	};
	objectVersion = 55;
	objects = {

/* Begin PBXBuildFile section */
		2A19EA7927EAF3C800022EFE /* AppDelegate.swift in Sources */ = {isa = PBXBuildFile; fileRef = 2A19EA7827EAF3C800022EFE /* AppDelegate.swift */; };
		2A19EA8227EAF3C900022EFE /* Assets.xcassets in Resources */ = {isa = PBXBuildFile; fileRef = 2A19EA8127EAF3C900022EFE /* Assets.xcassets */; };
		2A19EA8527EAF3C900022EFE /* LaunchScreen.storyboard in Resources */ = {isa = PBXBuildFile; fileRef = 2A19EA8327EAF3C900022EFE /* LaunchScreen.storyboard */; };
		2A19EA8D27EAF70100022EFE /* HomeViewController.swift in Sources */ = {isa = PBXBuildFile; fileRef = 2A19EA8C27EAF70100022EFE /* HomeViewController.swift */; };
		2A19EA8F27EAF78F00022EFE /* DetailViewController.swift in Sources */ = {isa = PBXBuildFile; fileRef = 2A19EA8E27EAF78F00022EFE /* DetailViewController.swift */; };
		2A19EA9127ED9D6C00022EFE /* DataManager.swift in Sources */ = {isa = PBXBuildFile; fileRef = 2A19EA9027ED9D6C00022EFE /* DataManager.swift */; };
		2A19EA9327ED9D7500022EFE /* HomeViewModel.swift in Sources */ = {isa = PBXBuildFile; fileRef = 2A19EA9227ED9D7500022EFE /* HomeViewModel.swift */; };
		2A19EA9527ED9D9200022EFE /* WordUnit.swift in Sources */ = {isa = PBXBuildFile; fileRef = 2A19EA9427ED9D9200022EFE /* WordUnit.swift */; };
		2A19EA9727EDAB2500022EFE /* wordlist.txt in Resources */ = {isa = PBXBuildFile; fileRef = 2A19EA9627EDAB2500022EFE /* wordlist.txt */; };
		2A19EA9927EDAC4500022EFE /* Bundle.swift in Sources */ = {isa = PBXBuildFile; fileRef = 2A19EA9827EDAC4500022EFE /* Bundle.swift */; };
		2A34CD4E282385AA00FB7B95 /* WordViewController.swift in Sources */ = {isa = PBXBuildFile; fileRef = 2A34CD4D282385AA00FB7B95 /* WordViewController.swift */; };
		2A34CD512823948400FB7B95 /* TitleView.swift in Sources */ = {isa = PBXBuildFile; fileRef = 2A34CD502823948400FB7B95 /* TitleView.swift */; };
		2AE51DCC281FEDF60082EECD /* MainViewController.swift in Sources */ = {isa = PBXBuildFile; fileRef = 2AE51DCB281FEDF60082EECD /* MainViewController.swift */; };
/* End PBXBuildFile section */

/* Begin PBXFileReference section */
		2A19EA7527EAF3C800022EFE /* No BS Dictionary.app */ = {isa = PBXFileReference; explicitFileType = wrapper.application; includeInIndex = 0; path = "No BS Dictionary.app"; sourceTree = BUILT_PRODUCTS_DIR; };
		2A19EA7827EAF3C800022EFE /* AppDelegate.swift */ = {isa = PBXFileReference; lastKnownFileType = sourcecode.swift; path = AppDelegate.swift; sourceTree = "<group>"; };
		2A19EA8127EAF3C900022EFE /* Assets.xcassets */ = {isa = PBXFileReference; lastKnownFileType = folder.assetcatalog; path = Assets.xcassets; sourceTree = "<group>"; };
		2A19EA8427EAF3C900022EFE /* Base */ = {isa = PBXFileReference; lastKnownFileType = file.storyboard; name = Base; path = Base.lproj/LaunchScreen.storyboard; sourceTree = "<group>"; };
		2A19EA8627EAF3C900022EFE /* Info.plist */ = {isa = PBXFileReference; lastKnownFileType = text.plist.xml; path = Info.plist; sourceTree = "<group>"; };
		2A19EA8C27EAF70100022EFE /* HomeViewController.swift */ = {isa = PBXFileReference; lastKnownFileType = sourcecode.swift; path = HomeViewController.swift; sourceTree = "<group>"; };
		2A19EA8E27EAF78F00022EFE /* DetailViewController.swift */ = {isa = PBXFileReference; lastKnownFileType = sourcecode.swift; path = DetailViewController.swift; sourceTree = "<group>"; };
		2A19EA9027ED9D6C00022EFE /* DataManager.swift */ = {isa = PBXFileReference; lastKnownFileType = sourcecode.swift; path = DataManager.swift; sourceTree = "<group>"; };
		2A19EA9227ED9D7500022EFE /* HomeViewModel.swift */ = {isa = PBXFileReference; lastKnownFileType = sourcecode.swift; path = HomeViewModel.swift; sourceTree = "<group>"; };
		2A19EA9427ED9D9200022EFE /* WordUnit.swift */ = {isa = PBXFileReference; lastKnownFileType = sourcecode.swift; path = WordUnit.swift; sourceTree = "<group>"; };
		2A19EA9627EDAB2500022EFE /* wordlist.txt */ = {isa = PBXFileReference; fileEncoding = 4; lastKnownFileType = text; name = wordlist.txt; path = ../../wordlist.txt; sourceTree = "<group>"; };
		2A19EA9827EDAC4500022EFE /* Bundle.swift */ = {isa = PBXFileReference; lastKnownFileType = sourcecode.swift; path = Bundle.swift; sourceTree = "<group>"; };
		2A34CD4D282385AA00FB7B95 /* WordViewController.swift */ = {isa = PBXFileReference; lastKnownFileType = sourcecode.swift; path = WordViewController.swift; sourceTree = "<group>"; };
		2A34CD502823948400FB7B95 /* TitleView.swift */ = {isa = PBXFileReference; lastKnownFileType = sourcecode.swift; path = TitleView.swift; sourceTree = "<group>"; };
		2AE51DCB281FEDF60082EECD /* MainViewController.swift */ = {isa = PBXFileReference; lastKnownFileType = sourcecode.swift; path = MainViewController.swift; sourceTree = "<group>"; };
/* End PBXFileReference section */

/* Begin PBXFrameworksBuildPhase section */
		2A19EA7227EAF3C800022EFE /* Frameworks */ = {
			isa = PBXFrameworksBuildPhase;
			buildActionMask = 2147483647;
			files = (
			);
			runOnlyForDeploymentPostprocessing = 0;
		};
/* End PBXFrameworksBuildPhase section */

/* Begin PBXGroup section */
		2A19EA6C27EAF3C800022EFE = {
			isa = PBXGroup;
			children = (
				2A19EA7727EAF3C800022EFE /* No BS Dictionary */,
				2A19EA7627EAF3C800022EFE /* Products */,
			);
			sourceTree = "<group>";
		};
		2A19EA7627EAF3C800022EFE /* Products */ = {
			isa = PBXGroup;
			children = (
				2A19EA7527EAF3C800022EFE /* No BS Dictionary.app */,
			);
			name = Products;
			sourceTree = "<group>";
		};
		2A19EA7727EAF3C800022EFE /* No BS Dictionary */ = {
			isa = PBXGroup;
			children = (
				2A19EA7827EAF3C800022EFE /* AppDelegate.swift */,
				2A19EA9827EDAC4500022EFE /* Bundle.swift */,
				2A19EA9027ED9D6C00022EFE /* DataManager.swift */,
				2A34CD4F282385C800FB7B95 /* OLD */,
				2A34CD4D282385AA00FB7B95 /* WordViewController.swift */,
				2AE51DCB281FEDF60082EECD /* MainViewController.swift */,
				2A34CD502823948400FB7B95 /* TitleView.swift */,
				2A19EA9427ED9D9200022EFE /* WordUnit.swift */,
				2A19EA9627EDAB2500022EFE /* wordlist.txt */,
				2A19EA8127EAF3C900022EFE /* Assets.xcassets */,
				2A19EA8327EAF3C900022EFE /* LaunchScreen.storyboard */,
				2A19EA8627EAF3C900022EFE /* Info.plist */,
			);
			path = "No BS Dictionary";
			sourceTree = "<group>";
		};
		2A34CD4F282385C800FB7B95 /* OLD */ = {
			isa = PBXGroup;
			children = (
				2A19EA9227ED9D7500022EFE /* HomeViewModel.swift */,
				2A19EA8C27EAF70100022EFE /* HomeViewController.swift */,
				2A19EA8E27EAF78F00022EFE /* DetailViewController.swift */,
			);
			path = OLD;
			sourceTree = "<group>";
		};
/* End PBXGroup section */

/* Begin PBXNativeTarget section */
		2A19EA7427EAF3C800022EFE /* No BS Dictionary */ = {
			isa = PBXNativeTarget;
			buildConfigurationList = 2A19EA8927EAF3C900022EFE /* Build configuration list for PBXNativeTarget "No BS Dictionary" */;
			buildPhases = (
				2A19EA7127EAF3C800022EFE /* Sources */,
				2A19EA7227EAF3C800022EFE /* Frameworks */,
				2A19EA7327EAF3C800022EFE /* Resources */,
			);
			buildRules = (
			);
			dependencies = (
			);
			name = "No BS Dictionary";
			productName = "No BS Dictionary";
			productReference = 2A19EA7527EAF3C800022EFE /* No BS Dictionary.app */;
			productType = "com.apple.product-type.application";
		};
/* End PBXNativeTarget section */

/* Begin PBXProject section */
		2A19EA6D27EAF3C800022EFE /* Project object */ = {
			isa = PBXProject;
			attributes = {
				BuildIndependentTargetsInParallel = 1;
				LastSwiftUpdateCheck = 1330;
				LastUpgradeCheck = 1330;
				TargetAttributes = {
					2A19EA7427EAF3C800022EFE = {
						CreatedOnToolsVersion = 13.3;
					};
				};
			};
			buildConfigurationList = 2A19EA7027EAF3C800022EFE /* Build configuration list for PBXProject "No BS Dictionary" */;
			compatibilityVersion = "Xcode 13.0";
			developmentRegion = en;
			hasScannedForEncodings = 0;
			knownRegions = (
				en,
				Base,
			);
			mainGroup = 2A19EA6C27EAF3C800022EFE;
			productRefGroup = 2A19EA7627EAF3C800022EFE /* Products */;
			projectDirPath = "";
			projectRoot = "";
			targets = (
				2A19EA7427EAF3C800022EFE /* No BS Dictionary */,
			);
		};
/* End PBXProject section */

/* Begin PBXResourcesBuildPhase section */
		2A19EA7327EAF3C800022EFE /* Resources */ = {
			isa = PBXResourcesBuildPhase;
			buildActionMask = 2147483647;
			files = (
				2A19EA8527EAF3C900022EFE /* LaunchScreen.storyboard in Resources */,
				2A19EA9727EDAB2500022EFE /* wordlist.txt in Resources */,
				2A19EA8227EAF3C900022EFE /* Assets.xcassets in Resources */,
			);
			runOnlyForDeploymentPostprocessing = 0;
		};
/* End PBXResourcesBuildPhase section */

/* Begin PBXSourcesBuildPhase section */
		2A19EA7127EAF3C800022EFE /* Sources */ = {
			isa = PBXSourcesBuildPhase;
			buildActionMask = 2147483647;
			files = (
				2A19EA7927EAF3C800022EFE /* AppDelegate.swift in Sources */,
				2A19EA9927EDAC4500022EFE /* Bundle.swift in Sources */,
				2A19EA9527ED9D9200022EFE /* WordUnit.swift in Sources */,
				2A34CD4E282385AA00FB7B95 /* WordViewController.swift in Sources */,
				2A19EA9327ED9D7500022EFE /* HomeViewModel.swift in Sources */,
				2A19EA9127ED9D6C00022EFE /* DataManager.swift in Sources */,
				2A19EA8D27EAF70100022EFE /* HomeViewController.swift in Sources */,
				2A19EA8F27EAF78F00022EFE /* DetailViewController.swift in Sources */,
				2AE51DCC281FEDF60082EECD /* MainViewController.swift in Sources */,
				2A34CD512823948400FB7B95 /* TitleView.swift in Sources */,
			);
			runOnlyForDeploymentPostprocessing = 0;
		};
/* End PBXSourcesBuildPhase section */

/* Begin PBXVariantGroup section */
		2A19EA8327EAF3C900022EFE /* LaunchScreen.storyboard */ = {
			isa = PBXVariantGroup;
			children = (
				2A19EA8427EAF3C900022EFE /* Base */,
			);
			name = LaunchScreen.storyboard;
			sourceTree = "<group>";
		};
/* End PBXVariantGroup section */

/* Begin XCBuildConfiguration section */
		2A19EA8727EAF3C900022EFE /* Debug */ = {
			isa = XCBuildConfiguration;
			buildSettings = {
				ALWAYS_SEARCH_USER_PATHS = NO;
				CLANG_ANALYZER_NONNULL = YES;
				CLANG_ANALYZER_NUMBER_OBJECT_CONVERSION = YES_AGGRESSIVE;
				CLANG_CXX_LANGUAGE_STANDARD = "gnu++17";
				CLANG_ENABLE_MODULES = YES;
				CLANG_ENABLE_OBJC_ARC = YES;
				CLANG_ENABLE_OBJC_WEAK = YES;
				CLANG_WARN_BLOCK_CAPTURE_AUTORELEASING = YES;
				CLANG_WARN_BOOL_CONVERSION = YES;
				CLANG_WARN_COMMA = YES;
				CLANG_WARN_CONSTANT_CONVERSION = YES;
				CLANG_WARN_DEPRECATED_OBJC_IMPLEMENTATIONS = YES;
				CLANG_WARN_DIRECT_OBJC_ISA_USAGE = YES_ERROR;
				CLANG_WARN_DOCUMENTATION_COMMENTS = YES;
				CLANG_WARN_EMPTY_BODY = YES;
				CLANG_WARN_ENUM_CONVERSION = YES;
				CLANG_WARN_INFINITE_RECURSION = YES;
				CLANG_WARN_INT_CONVERSION = YES;
				CLANG_WARN_NON_LITERAL_NULL_CONVERSION = YES;
				CLANG_WARN_OBJC_IMPLICIT_RETAIN_SELF = YES;
				CLANG_WARN_OBJC_LITERAL_CONVERSION = YES;
				CLANG_WARN_OBJC_ROOT_CLASS = YES_ERROR;
				CLANG_WARN_QUOTED_INCLUDE_IN_FRAMEWORK_HEADER = YES;
				CLANG_WARN_RANGE_LOOP_ANALYSIS = YES;
				CLANG_WARN_STRICT_PROTOTYPES = YES;
				CLANG_WARN_SUSPICIOUS_MOVE = YES;
				CLANG_WARN_UNGUARDED_AVAILABILITY = YES_AGGRESSIVE;
				CLANG_WARN_UNREACHABLE_CODE = YES;
				CLANG_WARN__DUPLICATE_METHOD_MATCH = YES;
				COPY_PHASE_STRIP = NO;
				DEBUG_INFORMATION_FORMAT = dwarf;
				ENABLE_STRICT_OBJC_MSGSEND = YES;
				ENABLE_TESTABILITY = YES;
				GCC_C_LANGUAGE_STANDARD = gnu11;
				GCC_DYNAMIC_NO_PIC = NO;
				GCC_NO_COMMON_BLOCKS = YES;
				GCC_OPTIMIZATION_LEVEL = 0;
				GCC_PREPROCESSOR_DEFINITIONS = (
					"DEBUG=1",
					"$(inherited)",
				);
				GCC_WARN_64_TO_32_BIT_CONVERSION = YES;
				GCC_WARN_ABOUT_RETURN_TYPE = YES_ERROR;
				GCC_WARN_UNDECLARED_SELECTOR = YES;
				GCC_WARN_UNINITIALIZED_AUTOS = YES_AGGRESSIVE;
				GCC_WARN_UNUSED_FUNCTION = YES;
				GCC_WARN_UNUSED_VARIABLE = YES;
				IPHONEOS_DEPLOYMENT_TARGET = 13.0;
				MTL_ENABLE_DEBUG_INFO = INCLUDE_SOURCE;
				MTL_FAST_MATH = YES;
				ONLY_ACTIVE_ARCH = YES;
				SDKROOT = iphoneos;
				SWIFT_ACTIVE_COMPILATION_CONDITIONS = DEBUG;
				SWIFT_OPTIMIZATION_LEVEL = "-Onone";
			};
			name = Debug;
		};
		2A19EA8827EAF3C900022EFE /* Release */ = {
			isa = XCBuildConfiguration;
			buildSettings = {
				ALWAYS_SEARCH_USER_PATHS = NO;
				CLANG_ANALYZER_NONNULL = YES;
				CLANG_ANALYZER_NUMBER_OBJECT_CONVERSION = YES_AGGRESSIVE;
				CLANG_CXX_LANGUAGE_STANDARD = "gnu++17";
				CLANG_ENABLE_MODULES = YES;
				CLANG_ENABLE_OBJC_ARC = YES;
				CLANG_ENABLE_OBJC_WEAK = YES;
				CLANG_WARN_BLOCK_CAPTURE_AUTORELEASING = YES;
				CLANG_WARN_BOOL_CONVERSION = YES;
				CLANG_WARN_COMMA = YES;
				CLANG_WARN_CONSTANT_CONVERSION = YES;
				CLANG_WARN_DEPRECATED_OBJC_IMPLEMENTATIONS = YES;
				CLANG_WARN_DIRECT_OBJC_ISA_USAGE = YES_ERROR;
				CLANG_WARN_DOCUMENTATION_COMMENTS = YES;
				CLANG_WARN_EMPTY_BODY = YES;
				CLANG_WARN_ENUM_CONVERSION = YES;
				CLANG_WARN_INFINITE_RECURSION = YES;
				CLANG_WARN_INT_CONVERSION = YES;
				CLANG_WARN_NON_LITERAL_NULL_CONVERSION = YES;
				CLANG_WARN_OBJC_IMPLICIT_RETAIN_SELF = YES;
				CLANG_WARN_OBJC_LITERAL_CONVERSION = YES;
				CLANG_WARN_OBJC_ROOT_CLASS = YES_ERROR;
				CLANG_WARN_QUOTED_INCLUDE_IN_FRAMEWORK_HEADER = YES;
				CLANG_WARN_RANGE_LOOP_ANALYSIS = YES;
				CLANG_WARN_STRICT_PROTOTYPES = YES;
				CLANG_WARN_SUSPICIOUS_MOVE = YES;
				CLANG_WARN_UNGUARDED_AVAILABILITY = YES_AGGRESSIVE;
				CLANG_WARN_UNREACHABLE_CODE = YES;
				CLANG_WARN__DUPLICATE_METHOD_MATCH = YES;
				COPY_PHASE_STRIP = NO;
				DEBUG_INFORMATION_FORMAT = "dwarf-with-dsym";
				ENABLE_NS_ASSERTIONS = NO;
				ENABLE_STRICT_OBJC_MSGSEND = YES;
				GCC_C_LANGUAGE_STANDARD = gnu11;
				GCC_NO_COMMON_BLOCKS = YES;
				GCC_WARN_64_TO_32_BIT_CONVERSION = YES;
				GCC_WARN_ABOUT_RETURN_TYPE = YES_ERROR;
				GCC_WARN_UNDECLARED_SELECTOR = YES;
				GCC_WARN_UNINITIALIZED_AUTOS = YES_AGGRESSIVE;
				GCC_WARN_UNUSED_FUNCTION = YES;
				GCC_WARN_UNUSED_VARIABLE = YES;
				IPHONEOS_DEPLOYMENT_TARGET = 13.0;
				MTL_ENABLE_DEBUG_INFO = NO;
				MTL_FAST_MATH = YES;
				SDKROOT = iphoneos;
				SWIFT_COMPILATION_MODE = wholemodule;
				SWIFT_OPTIMIZATION_LEVEL = "-O";
				VALIDATE_PRODUCT = YES;
			};
			name = Release;
		};
		2A19EA8A27EAF3C900022EFE /* Debug */ = {
			isa = XCBuildConfiguration;
			buildSettings = {
				ASSETCATALOG_COMPILER_APPICON_NAME = AppIcon;
				ASSETCATALOG_COMPILER_GLOBAL_ACCENT_COLOR_NAME = AccentColor;
				CODE_SIGN_STYLE = Automatic;
				CURRENT_PROJECT_VERSION = 1;
				DEVELOPMENT_TEAM = YT4PWFD9G5;
				GENERATE_INFOPLIST_FILE = YES;
				INFOPLIST_FILE = "No BS Dictionary/Info.plist";
				INFOPLIST_KEY_UIApplicationSupportsIndirectInputEvents = YES;
				INFOPLIST_KEY_UILaunchStoryboardName = LaunchScreen;
				INFOPLIST_KEY_UISupportedInterfaceOrientations = UIInterfaceOrientationPortrait;
				INFOPLIST_KEY_UISupportedInterfaceOrientations_iPad = "UIInterfaceOrientationPortrait UIInterfaceOrientationPortraitUpsideDown UIInterfaceOrientationLandscapeLeft UIInterfaceOrientationLandscapeRight";
				INFOPLIST_KEY_UISupportedInterfaceOrientations_iPhone = "UIInterfaceOrientationPortrait UIInterfaceOrientationLandscapeLeft UIInterfaceOrientationLandscapeRight";
				LD_RUNPATH_SEARCH_PATHS = (
					"$(inherited)",
					"@executable_path/Frameworks",
				);
				MARKETING_VERSION = 1.0;
				PRODUCT_BUNDLE_IDENTIFIER = "Dean.Thompson.No-BS-Dictionary";
				PRODUCT_NAME = "$(TARGET_NAME)";
				SWIFT_EMIT_LOC_STRINGS = YES;
				SWIFT_VERSION = 5.0;
				TARGETED_DEVICE_FAMILY = 1;
			};
			name = Debug;
		};
		2A19EA8B27EAF3C900022EFE /* Release */ = {
			isa = XCBuildConfiguration;
			buildSettings = {
				ASSETCATALOG_COMPILER_APPICON_NAME = AppIcon;
				ASSETCATALOG_COMPILER_GLOBAL_ACCENT_COLOR_NAME = AccentColor;
				CODE_SIGN_STYLE = Automatic;
				CURRENT_PROJECT_VERSION = 1;
				DEVELOPMENT_TEAM = YT4PWFD9G5;
				GENERATE_INFOPLIST_FILE = YES;
				INFOPLIST_FILE = "No BS Dictionary/Info.plist";
				INFOPLIST_KEY_UIApplicationSupportsIndirectInputEvents = YES;
				INFOPLIST_KEY_UILaunchStoryboardName = LaunchScreen;
				INFOPLIST_KEY_UISupportedInterfaceOrientations = UIInterfaceOrientationPortrait;
				INFOPLIST_KEY_UISupportedInterfaceOrientations_iPad = "UIInterfaceOrientationPortrait UIInterfaceOrientationPortraitUpsideDown UIInterfaceOrientationLandscapeLeft UIInterfaceOrientationLandscapeRight";
				INFOPLIST_KEY_UISupportedInterfaceOrientations_iPhone = "UIInterfaceOrientationPortrait UIInterfaceOrientationLandscapeLeft UIInterfaceOrientationLandscapeRight";
				LD_RUNPATH_SEARCH_PATHS = (
					"$(inherited)",
					"@executable_path/Frameworks",
				);
				MARKETING_VERSION = 1.0;
				PRODUCT_BUNDLE_IDENTIFIER = "Dean.Thompson.No-BS-Dictionary";
				PRODUCT_NAME = "$(TARGET_NAME)";
				SWIFT_EMIT_LOC_STRINGS = YES;
				SWIFT_VERSION = 5.0;
				TARGETED_DEVICE_FAMILY = 1;
			};
			name = Release;
		};
/* End XCBuildConfiguration section */

/* Begin XCConfigurationList section */
		2A19EA7027EAF3C800022EFE /* Build configuration list for PBXProject "No BS Dictionary" */ = {
			isa = XCConfigurationList;
			buildConfigurations = (
				2A19EA8727EAF3C900022EFE /* Debug */,
				2A19EA8827EAF3C900022EFE /* Release */,
			);
			defaultConfigurationIsVisible = 0;
			defaultConfigurationName = Release;
		};
		2A19EA8927EAF3C900022EFE /* Build configuration list for PBXNativeTarget "No BS Dictionary" */ = {
			isa = XCConfigurationList;
			buildConfigurations = (
				2A19EA8A27EAF3C900022EFE /* Debug */,
				2A19EA8B27EAF3C900022EFE /* Release */,
			);
			defaultConfigurationIsVisible = 0;
			defaultConfigurationName = Release;
		};
/* End XCConfigurationList section */
	};
	rootObject = 2A19EA6D27EAF3C800022EFE /* Project object */;
}
